{
    "_meta": {
        "hash": {
            "sha256": "64fb040f71095c2ee61210e3b1cab5dfde8866fcc1121829f2106ea38abbd125"
        },
        "pipfile-spec": 6,
        "requires": {
            "python_version": "3.8"
        },
        "sources": [
            {
                "name": "pypi",
                "url": "https://pypi.org/simple",
                "verify_ssl": true
            }
        ]
    },
    "default": {
        "editorconfig": {
            "hashes": [
                "sha256:57f8ce78afcba15c8b18d46b5170848c88d56fd38f05c2ec60dbbfcb8996e89e",
                "sha256:6b0851425aa875b08b16789ee0eeadbd4ab59666e9ebe728e526314c4a2e52c1"
            ],
            "version": "==0.12.3"
        },
        "jsbeautifier": {
            "hashes": [
                "sha256:4f670c6f4f8d4caca9a348271010742f494becb96fe0a9be6ffac8b3d46350ca"
            ],
            "index": "pypi",
            "version": "==1.11.0"
        },
        "mistletoe": {
            "hashes": [
                "sha256:24d0f18cc5f0381c2cfb8a24ef3de83eb9f7929cb7d0e71ecb164b671d86e6a3",
                "sha256:3e2d31b2fa6231ea2ee46981274ebac8d5e5736e3aad2d1cd449e2c053b7023b"
            ],
            "index": "pypi",
            "version": "==0.7.2"
        },
        "pygments": {
            "hashes": [
                "sha256:bc9591213a8f0e0ca1a5e68a479b4887fdc3e75d0774e5c71c31920c427de435",
                "sha256:df49d09b498e83c1a73128295860250b0b7edd4c723a32e9bc0d295c7c2ec337"
            ],
            "index": "pypi",
            "version": "==2.7.4"
        },
        "six": {
            "hashes": [
                "sha256:30639c035cdb23534cd4aa2dd52c3bf48f06e5f4a941509c8bafd8ce11080259",
                "sha256:8b74bedcbbbaca38ff6d7491d76f2b06b3592611af620f8426e82dddb04a5ced"
            ],
            "version": "==1.15.0"
        }
    },
    "develop": {}
}
